
Microsoft Visual Studio Solution File, Format Version 12.00
# Visual Studio 15
VisualStudioVersion = 15.0.27004.2009
MinimumVisualStudioVersion = 10.0.40219.1
Project("{FAE04EC0-301F-11D3-BF4B-00C04F79EFBC}") = "KaggleCSVCleaner", "KaggleCSVCleaner\KaggleCSVCleaner.csproj", "{7ABC5B6E-869F-4724-B057-2CF5F14BC0F8}"
EndProject
Global
	GlobalSection(SolutionConfigurationPlatforms) = preSolution
		Debug|Any CPU = Debug|Any CPU
		Release|Any CPU = Release|Any CPU
	EndGlobalSection
	GlobalSection(ProjectConfigurationPlatforms) = postSolution
		{7ABC5B6E-869F-4724-B057-2CF5F14BC0F8}.Debug|Any CPU.ActiveCfg = Debug|Any CPU
		{7ABC5B6E-869F-4724-B057-2CF5F14BC0F8}.Debug|Any CPU.Build.0 = Debug|Any CPU
		{7ABC5B6E-869F-4724-B057-2CF5F14BC0F8}.Release|Any CPU.ActiveCfg = Release|Any CPU
		{7ABC5B6E-869F-4724-B057-2CF5F14BC0F8}.Release|Any CPU.Build.0 = Release|Any CPU
	EndGlobalSection
	GlobalSection(SolutionProperties) = preSolution
		HideSolutionNode = FALSE
	EndGlobalSection
	GlobalSection(ExtensibilityGlobals) = postSolution
		SolutionGuid = {477DB1F4-61CE-41F6-8F41-F6C22468E98D}
	EndGlobalSection
EndGlobal
